
Microsoft Visual Studio Solution File, Format Version 12.00
# Visual Studio Version 16
VisualStudioVersion = 16.0.29411.108
MinimumVisualStudioVersion = 10.0.40219.1
Project("{FAE04EC0-301F-11D3-BF4B-00C04F79EFBC}") = "WindowsBase.Vector", "WindowsBase.Vector\WindowsBase.Vector.csproj", "{A12875D1-A73D-41B5-B3F1-8E912BDF91FB}"
EndProject
Global
	GlobalSection(SolutionConfigurationPlatforms) = preSolution
		Debug|Any CPU = Debug|Any CPU
		Release|Any CPU = Release|Any CPU
	EndGlobalSection
	GlobalSection(ProjectConfigurationPlatforms) = postSolution
		{A12875D1-A73D-41B5-B3F1-8E912BDF91FB}.Debug|Any CPU.ActiveCfg = Debug|Any CPU
		{A12875D1-A73D-41B5-B3F1-8E912BDF91FB}.Debug|Any CPU.Build.0 = Debug|Any CPU
		{A12875D1-A73D-41B5-B3F1-8E912BDF91FB}.Release|Any CPU.ActiveCfg = Release|Any CPU
		{A12875D1-A73D-41B5-B3F1-8E912BDF91FB}.Release|Any CPU.Build.0 = Release|Any CPU
	EndGlobalSection
	GlobalSection(SolutionProperties) = preSolution
		HideSolutionNode = FALSE
	EndGlobalSection
	GlobalSection(ExtensibilityGlobals) = postSolution
		SolutionGuid = {76753137-8778-4A53-BED0-D42269F0127D}
	EndGlobalSection
EndGlobal
