
Microsoft Visual Studio Solution File, Format Version 12.00
# Visual Studio Version 16
VisualStudioVersion = 16.0.30804.86
MinimumVisualStudioVersion = 10.0.40219.1
Project("{9A19103F-16F7-4668-BE54-9A1E7A4F7556}") = "ASCOM.Alpaca.Simulators", "ASCOM.Alpaca.Simulators\ASCOM.Alpaca.Simulators.csproj", "{C0478E23-99F8-4763-A6A6-B65876E0CAEE}"
EndProject
Project("{9A19103F-16F7-4668-BE54-9A1E7A4F7556}") = "CoverCalibratorSimulator", "CoverCalibratorSimulator\CoverCalibratorSimulator.csproj", "{33906153-2AE2-4B20-8347-7746784F5E7C}"
EndProject
Project("{FAE04EC0-301F-11D3-BF4B-00C04F79EFBC}") = "FilterWheelSimulator", "FilterWheelSimulator\FilterWheelSimulator.csproj", "{8C49E048-2679-4CB5-89D3-5ADAA5724ECB}"
EndProject
Project("{FAE04EC0-301F-11D3-BF4B-00C04F79EFBC}") = "FocuserSimulator", "FocuserSimulator\FocuserSimulator.csproj", "{7364A79D-21CC-49D9-8380-C5A718E8F6BA}"
EndProject
Project("{FAE04EC0-301F-11D3-BF4B-00C04F79EFBC}") = "ObservingConditionsSimulator", "ObservingConditionsSimulator\ObservingConditionsSimulator.csproj", "{AB200ECD-5C24-4F46-B780-4349CD272A3D}"
EndProject
Project("{FAE04EC0-301F-11D3-BF4B-00C04F79EFBC}") = "RotatorSimulator", "RotatorSimulator\RotatorSimulator.csproj", "{2C4FFFDE-DD9E-4A2B-BFEB-3B0A2837A0DC}"
EndProject
Global
	GlobalSection(SolutionConfigurationPlatforms) = preSolution
		Debug|Any CPU = Debug|Any CPU
		Release|Any CPU = Release|Any CPU
	EndGlobalSection
	GlobalSection(ProjectConfigurationPlatforms) = postSolution
		{C0478E23-99F8-4763-A6A6-B65876E0CAEE}.Debug|Any CPU.ActiveCfg = Debug|Any CPU
		{C0478E23-99F8-4763-A6A6-B65876E0CAEE}.Debug|Any CPU.Build.0 = Debug|Any CPU
		{C0478E23-99F8-4763-A6A6-B65876E0CAEE}.Release|Any CPU.ActiveCfg = Release|Any CPU
		{C0478E23-99F8-4763-A6A6-B65876E0CAEE}.Release|Any CPU.Build.0 = Release|Any CPU
		{33906153-2AE2-4B20-8347-7746784F5E7C}.Debug|Any CPU.ActiveCfg = Debug|Any CPU
		{33906153-2AE2-4B20-8347-7746784F5E7C}.Debug|Any CPU.Build.0 = Debug|Any CPU
		{33906153-2AE2-4B20-8347-7746784F5E7C}.Release|Any CPU.ActiveCfg = Release|Any CPU
		{33906153-2AE2-4B20-8347-7746784F5E7C}.Release|Any CPU.Build.0 = Release|Any CPU
		{8C49E048-2679-4CB5-89D3-5ADAA5724ECB}.Debug|Any CPU.ActiveCfg = Debug|Any CPU
		{8C49E048-2679-4CB5-89D3-5ADAA5724ECB}.Debug|Any CPU.Build.0 = Debug|Any CPU
		{8C49E048-2679-4CB5-89D3-5ADAA5724ECB}.Release|Any CPU.ActiveCfg = Release|Any CPU
		{8C49E048-2679-4CB5-89D3-5ADAA5724ECB}.Release|Any CPU.Build.0 = Release|Any CPU
		{7364A79D-21CC-49D9-8380-C5A718E8F6BA}.Debug|Any CPU.ActiveCfg = Debug|Any CPU
		{7364A79D-21CC-49D9-8380-C5A718E8F6BA}.Debug|Any CPU.Build.0 = Debug|Any CPU
		{7364A79D-21CC-49D9-8380-C5A718E8F6BA}.Release|Any CPU.ActiveCfg = Release|Any CPU
		{7364A79D-21CC-49D9-8380-C5A718E8F6BA}.Release|Any CPU.Build.0 = Release|Any CPU
		{AB200ECD-5C24-4F46-B780-4349CD272A3D}.Debug|Any CPU.ActiveCfg = Debug|Any CPU
		{AB200ECD-5C24-4F46-B780-4349CD272A3D}.Debug|Any CPU.Build.0 = Debug|Any CPU
		{AB200ECD-5C24-4F46-B780-4349CD272A3D}.Release|Any CPU.ActiveCfg = Release|Any CPU
		{AB200ECD-5C24-4F46-B780-4349CD272A3D}.Release|Any CPU.Build.0 = Release|Any CPU
		{2C4FFFDE-DD9E-4A2B-BFEB-3B0A2837A0DC}.Debug|Any CPU.ActiveCfg = Debug|Any CPU
		{2C4FFFDE-DD9E-4A2B-BFEB-3B0A2837A0DC}.Debug|Any CPU.Build.0 = Debug|Any CPU
		{2C4FFFDE-DD9E-4A2B-BFEB-3B0A2837A0DC}.Release|Any CPU.ActiveCfg = Release|Any CPU
		{2C4FFFDE-DD9E-4A2B-BFEB-3B0A2837A0DC}.Release|Any CPU.Build.0 = Release|Any CPU
	EndGlobalSection
	GlobalSection(SolutionProperties) = preSolution
		HideSolutionNode = FALSE
	EndGlobalSection
	GlobalSection(ExtensibilityGlobals) = postSolution
		SolutionGuid = {8FDCFD04-65EF-4539-A286-F90432A0B234}
	EndGlobalSection
EndGlobal
